// !$*UTF8*$!
{
	archiveVersion = 1;
	classes = {
	};
	objectVersion = 50;
	objects = {

/* Begin PBXBuildFile section */
		0529489985DAF5097FA814FC /* Pods_breakPoint.framework in Frameworks */ = {isa = PBXBuildFile; fileRef = A746C7598C69FDBDCD636660 /* Pods_breakPoint.framework */; };
		4A340CA9212347A5004A07BF /* GoogleService-Info.plist in Resources */ = {isa = PBXBuildFile; fileRef = 4A340CA8212347A5004A07BF /* GoogleService-Info.plist */; };
		4A340CAC21234FCE004A07BF /* DataService.swift in Sources */ = {isa = PBXBuildFile; fileRef = 4A340CAB21234FCE004A07BF /* DataService.swift */; };
		4A3D99D2212629D000AC4DD4 /* AuthVC.swift in Sources */ = {isa = PBXBuildFile; fileRef = 4A3D99D1212629D000AC4DD4 /* AuthVC.swift */; };
		4A3D99D421262A1F00AC4DD4 /* LoginVC.swift in Sources */ = {isa = PBXBuildFile; fileRef = 4A3D99D321262A1F00AC4DD4 /* LoginVC.swift */; };
		4A3D99D621262AA600AC4DD4 /* InsetTextfield.swift in Sources */ = {isa = PBXBuildFile; fileRef = 4A3D99D521262AA600AC4DD4 /* InsetTextfield.swift */; };
		4A3D99D821262F7000AC4DD4 /* ShadowView.swift in Sources */ = {isa = PBXBuildFile; fileRef = 4A3D99D721262F7000AC4DD4 /* ShadowView.swift */; };
		4A3D99DA2126334C00AC4DD4 /* AuthService.swift in Sources */ = {isa = PBXBuildFile; fileRef = 4A3D99D92126334C00AC4DD4 /* AuthService.swift */; };
		4A6167C82122711B00EC0D1B /* AppDelegate.swift in Sources */ = {isa = PBXBuildFile; fileRef = 4A6167C72122711B00EC0D1B /* AppDelegate.swift */; };
		4A6167CA2122711C00EC0D1B /* FeedVC.swift in Sources */ = {isa = PBXBuildFile; fileRef = 4A6167C92122711C00EC0D1B /* FeedVC.swift */; };
		4A6167CC2122711C00EC0D1B /* GroupsVC.swift in Sources */ = {isa = PBXBuildFile; fileRef = 4A6167CB2122711C00EC0D1B /* GroupsVC.swift */; };
		4A6167CF2122711C00EC0D1B /* Main.storyboard in Resources */ = {isa = PBXBuildFile; fileRef = 4A6167CD2122711C00EC0D1B /* Main.storyboard */; };
		4A6167D42122711D00EC0D1B /* LaunchScreen.storyboard in Resources */ = {isa = PBXBuildFile; fileRef = 4A6167D22122711D00EC0D1B /* LaunchScreen.storyboard */; };
		4AADD6C72123BBDB007CD723 /* Assests.xcassets in Resources */ = {isa = PBXBuildFile; fileRef = 4AADD6C62123BBDB007CD723 /* Assests.xcassets */; };
/* End PBXBuildFile section */

/* Begin PBXFileReference section */
		4A340CA8212347A5004A07BF /* GoogleService-Info.plist */ = {isa = PBXFileReference; fileEncoding = 4; lastKnownFileType = text.plist.xml; path = "GoogleService-Info.plist"; sourceTree = "<group>"; };
		4A340CAB21234FCE004A07BF /* DataService.swift */ = {isa = PBXFileReference; lastKnownFileType = sourcecode.swift; path = DataService.swift; sourceTree = "<group>"; };
		4A3D99D1212629D000AC4DD4 /* AuthVC.swift */ = {isa = PBXFileReference; lastKnownFileType = sourcecode.swift; path = AuthVC.swift; sourceTree = "<group>"; };
		4A3D99D321262A1F00AC4DD4 /* LoginVC.swift */ = {isa = PBXFileReference; lastKnownFileType = sourcecode.swift; path = LoginVC.swift; sourceTree = "<group>"; };
		4A3D99D521262AA600AC4DD4 /* InsetTextfield.swift */ = {isa = PBXFileReference; lastKnownFileType = sourcecode.swift; path = InsetTextfield.swift; sourceTree = "<group>"; };
		4A3D99D721262F7000AC4DD4 /* ShadowView.swift */ = {isa = PBXFileReference; lastKnownFileType = sourcecode.swift; path = ShadowView.swift; sourceTree = "<group>"; };
		4A3D99D92126334C00AC4DD4 /* AuthService.swift */ = {isa = PBXFileReference; lastKnownFileType = sourcecode.swift; path = AuthService.swift; sourceTree = "<group>"; };
		4A6167C42122711B00EC0D1B /* breakPoint.app */ = {isa = PBXFileReference; explicitFileType = wrapper.application; includeInIndex = 0; path = breakPoint.app; sourceTree = BUILT_PRODUCTS_DIR; };
		4A6167C72122711B00EC0D1B /* AppDelegate.swift */ = {isa = PBXFileReference; lastKnownFileType = sourcecode.swift; path = AppDelegate.swift; sourceTree = "<group>"; };
		4A6167C92122711C00EC0D1B /* FeedVC.swift */ = {isa = PBXFileReference; lastKnownFileType = sourcecode.swift; path = FeedVC.swift; sourceTree = "<group>"; };
		4A6167CB2122711C00EC0D1B /* GroupsVC.swift */ = {isa = PBXFileReference; lastKnownFileType = sourcecode.swift; path = GroupsVC.swift; sourceTree = "<group>"; };
		4A6167CE2122711C00EC0D1B /* Base */ = {isa = PBXFileReference; lastKnownFileType = file.storyboard; name = Base; path = Base.lproj/Main.storyboard; sourceTree = "<group>"; };
		4A6167D32122711D00EC0D1B /* Base */ = {isa = PBXFileReference; lastKnownFileType = file.storyboard; name = Base; path = Base.lproj/LaunchScreen.storyboard; sourceTree = "<group>"; };
		4A6167D52122711D00EC0D1B /* Info.plist */ = {isa = PBXFileReference; lastKnownFileType = text.plist.xml; path = Info.plist; sourceTree = "<group>"; };
		4AADD6C62123BBDB007CD723 /* Assests.xcassets */ = {isa = PBXFileReference; lastKnownFileType = folder.assetcatalog; path = Assests.xcassets; sourceTree = "<group>"; };
		8105E4C0E179435FE1EA238D /* Pods-breakPoint.release.xcconfig */ = {isa = PBXFileReference; includeInIndex = 1; lastKnownFileType = text.xcconfig; name = "Pods-breakPoint.release.xcconfig"; path = "Pods/Target Support Files/Pods-breakPoint/Pods-breakPoint.release.xcconfig"; sourceTree = "<group>"; };
		A746C7598C69FDBDCD636660 /* Pods_breakPoint.framework */ = {isa = PBXFileReference; explicitFileType = wrapper.framework; includeInIndex = 0; path = Pods_breakPoint.framework; sourceTree = BUILT_PRODUCTS_DIR; };
		B0822644D96B2D399D2291E2 /* Pods-breakPoint.debug.xcconfig */ = {isa = PBXFileReference; includeInIndex = 1; lastKnownFileType = text.xcconfig; name = "Pods-breakPoint.debug.xcconfig"; path = "Pods/Target Support Files/Pods-breakPoint/Pods-breakPoint.debug.xcconfig"; sourceTree = "<group>"; };
/* End PBXFileReference section */

/* Begin PBXFrameworksBuildPhase section */
		4A6167C12122711B00EC0D1B /* Frameworks */ = {
			isa = PBXFrameworksBuildPhase;
			buildActionMask = 2147483647;
			files = (
				0529489985DAF5097FA814FC /* Pods_breakPoint.framework in Frameworks */,
			);
			runOnlyForDeploymentPostprocessing = 0;
		};
/* End PBXFrameworksBuildPhase section */

/* Begin PBXGroup section */
		2DB13739E0B693217F632960 /* Frameworks */ = {
			isa = PBXGroup;
			children = (
				A746C7598C69FDBDCD636660 /* Pods_breakPoint.framework */,
			);
			name = Frameworks;
			sourceTree = "<group>";
		};
		4A6167BB2122711B00EC0D1B = {
			isa = PBXGroup;
			children = (
				4A6167C62122711B00EC0D1B /* breakPoint */,
				4A6167C52122711B00EC0D1B /* Products */,
				85E52104D9D9CADF332BA0A2 /* Pods */,
				2DB13739E0B693217F632960 /* Frameworks */,
			);
			sourceTree = "<group>";
		};
		4A6167C52122711B00EC0D1B /* Products */ = {
			isa = PBXGroup;
			children = (
				4A6167C42122711B00EC0D1B /* breakPoint.app */,
			);
			name = Products;
			sourceTree = "<group>";
		};
		4A6167C62122711B00EC0D1B /* breakPoint */ = {
			isa = PBXGroup;
			children = (
				4A6167DF2122718D00EC0D1B /* Services */,
				4A6167DE2122716400EC0D1B /* Extensions */,
				4A6167DD2122715300EC0D1B /* Models */,
				4A6167DC2122714A00EC0D1B /* Views */,
				4A6167DB2122713000EC0D1B /* Controllers */,
				4A6167C72122711B00EC0D1B /* AppDelegate.swift */,
				4A6167CD2122711C00EC0D1B /* Main.storyboard */,
				4AADD6C62123BBDB007CD723 /* Assests.xcassets */,
				4A6167D22122711D00EC0D1B /* LaunchScreen.storyboard */,
				4A340CA8212347A5004A07BF /* GoogleService-Info.plist */,
				4A6167D52122711D00EC0D1B /* Info.plist */,
			);
			path = breakPoint;
			sourceTree = "<group>";
		};
		4A6167DB2122713000EC0D1B /* Controllers */ = {
			isa = PBXGroup;
			children = (
				4A6167C92122711C00EC0D1B /* FeedVC.swift */,
				4A6167CB2122711C00EC0D1B /* GroupsVC.swift */,
				4A3D99D1212629D000AC4DD4 /* AuthVC.swift */,
				4A3D99D321262A1F00AC4DD4 /* LoginVC.swift */,
			);
			path = Controllers;
			sourceTree = "<group>";
		};
		4A6167DC2122714A00EC0D1B /* Views */ = {
			isa = PBXGroup;
			children = (
				4A3D99D521262AA600AC4DD4 /* InsetTextfield.swift */,
				4A3D99D721262F7000AC4DD4 /* ShadowView.swift */,
			);
			path = Views;
			sourceTree = "<group>";
		};
		4A6167DD2122715300EC0D1B /* Models */ = {
			isa = PBXGroup;
			children = (
			);
			path = Models;
			sourceTree = "<group>";
		};
		4A6167DE2122716400EC0D1B /* Extensions */ = {
			isa = PBXGroup;
			children = (
			);
			path = Extensions;
			sourceTree = "<group>";
		};
		4A6167DF2122718D00EC0D1B /* Services */ = {
			isa = PBXGroup;
			children = (
				4A340CAB21234FCE004A07BF /* DataService.swift */,
				4A3D99D92126334C00AC4DD4 /* AuthService.swift */,
			);
			path = Services;
			sourceTree = "<group>";
		};
		85E52104D9D9CADF332BA0A2 /* Pods */ = {
			isa = PBXGroup;
			children = (
				B0822644D96B2D399D2291E2 /* Pods-breakPoint.debug.xcconfig */,
				8105E4C0E179435FE1EA238D /* Pods-breakPoint.release.xcconfig */,
			);
			name = Pods;
			sourceTree = "<group>";
		};
/* End PBXGroup section */

/* Begin PBXNativeTarget section */
		4A6167C32122711B00EC0D1B /* breakPoint */ = {
			isa = PBXNativeTarget;
			buildConfigurationList = 4A6167D82122711D00EC0D1B /* Build configuration list for PBXNativeTarget "breakPoint" */;
			buildPhases = (
				78408D925E20F873D300DD3B /* [CP] Check Pods Manifest.lock */,
				4A6167C02122711B00EC0D1B /* Sources */,
				4A6167C12122711B00EC0D1B /* Frameworks */,
				4A6167C22122711B00EC0D1B /* Resources */,
				D2D329063CE91A019E6A07D7 /* [CP] Embed Pods Frameworks */,
			);
			buildRules = (
			);
			dependencies = (
			);
			name = breakPoint;
			productName = breakPoint;
			productReference = 4A6167C42122711B00EC0D1B /* breakPoint.app */;
			productType = "com.apple.product-type.application";
		};
/* End PBXNativeTarget section */

/* Begin PBXProject section */
		4A6167BC2122711B00EC0D1B /* Project object */ = {
			isa = PBXProject;
			attributes = {
				LastSwiftUpdateCheck = 0940;
				LastUpgradeCheck = 0940;
				ORGANIZATIONNAME = "Stephen Reyes";
				TargetAttributes = {
					4A6167C32122711B00EC0D1B = {
						CreatedOnToolsVersion = 9.4.1;
					};
				};
			};
			buildConfigurationList = 4A6167BF2122711B00EC0D1B /* Build configuration list for PBXProject "breakPoint" */;
			compatibilityVersion = "Xcode 9.3";
			developmentRegion = en;
			hasScannedForEncodings = 0;
			knownRegions = (
				en,
				Base,
			);
			mainGroup = 4A6167BB2122711B00EC0D1B;
			productRefGroup = 4A6167C52122711B00EC0D1B /* Products */;
			projectDirPath = "";
			projectRoot = "";
			targets = (
				4A6167C32122711B00EC0D1B /* breakPoint */,
			);
		};
/* End PBXProject section */

/* Begin PBXResourcesBuildPhase section */
		4A6167C22122711B00EC0D1B /* Resources */ = {
			isa = PBXResourcesBuildPhase;
			buildActionMask = 2147483647;
			files = (
				4A6167D42122711D00EC0D1B /* LaunchScreen.storyboard in Resources */,
				4A340CA9212347A5004A07BF /* GoogleService-Info.plist in Resources */,
				4AADD6C72123BBDB007CD723 /* Assests.xcassets in Resources */,
				4A6167CF2122711C00EC0D1B /* Main.storyboard in Resources */,
			);
			runOnlyForDeploymentPostprocessing = 0;
		};
/* End PBXResourcesBuildPhase section */

/* Begin PBXShellScriptBuildPhase section */
		78408D925E20F873D300DD3B /* [CP] Check Pods Manifest.lock */ = {
			isa = PBXShellScriptBuildPhase;
			buildActionMask = 2147483647;
			files = (
			);
			inputPaths = (
				"${PODS_PODFILE_DIR_PATH}/Podfile.lock",
				"${PODS_ROOT}/Manifest.lock",
			);
			name = "[CP] Check Pods Manifest.lock";
			outputPaths = (
				"$(DERIVED_FILE_DIR)/Pods-breakPoint-checkManifestLockResult.txt",
			);
			runOnlyForDeploymentPostprocessing = 0;
			shellPath = /bin/sh;
			shellScript = "diff \"${PODS_PODFILE_DIR_PATH}/Podfile.lock\" \"${PODS_ROOT}/Manifest.lock\" > /dev/null\nif [ $? != 0 ] ; then\n    # print error to STDERR\n    echo \"error: The sandbox is not in sync with the Podfile.lock. Run 'pod install' or update your CocoaPods installation.\" >&2\n    exit 1\nfi\n# This output is used by Xcode 'outputs' to avoid re-running this script phase.\necho \"SUCCESS\" > \"${SCRIPT_OUTPUT_FILE_0}\"\n";
			showEnvVarsInLog = 0;
		};
		D2D329063CE91A019E6A07D7 /* [CP] Embed Pods Frameworks */ = {
			isa = PBXShellScriptBuildPhase;
			buildActionMask = 2147483647;
			files = (
			);
			inputPaths = (
				"${SRCROOT}/Pods/Target Support Files/Pods-breakPoint/Pods-breakPoint-frameworks.sh",
				"${BUILT_PRODUCTS_DIR}/GTMSessionFetcher/GTMSessionFetcher.framework",
				"${BUILT_PRODUCTS_DIR}/GoogleUtilities/GoogleUtilities.framework",
				"${BUILT_PRODUCTS_DIR}/leveldb-library/leveldb.framework",
				"${BUILT_PRODUCTS_DIR}/nanopb/nanopb.framework",
			);
			name = "[CP] Embed Pods Frameworks";
			outputPaths = (
				"${TARGET_BUILD_DIR}/${FRAMEWORKS_FOLDER_PATH}/GTMSessionFetcher.framework",
				"${TARGET_BUILD_DIR}/${FRAMEWORKS_FOLDER_PATH}/GoogleUtilities.framework",
				"${TARGET_BUILD_DIR}/${FRAMEWORKS_FOLDER_PATH}/leveldb.framework",
				"${TARGET_BUILD_DIR}/${FRAMEWORKS_FOLDER_PATH}/nanopb.framework",
			);
			runOnlyForDeploymentPostprocessing = 0;
			shellPath = /bin/sh;
			shellScript = "\"${SRCROOT}/Pods/Target Support Files/Pods-breakPoint/Pods-breakPoint-frameworks.sh\"\n";
			showEnvVarsInLog = 0;
		};
/* End PBXShellScriptBuildPhase section */

/* Begin PBXSourcesBuildPhase section */
		4A6167C02122711B00EC0D1B /* Sources */ = {
			isa = PBXSourcesBuildPhase;
			buildActionMask = 2147483647;
			files = (
				4A3D99D621262AA600AC4DD4 /* InsetTextfield.swift in Sources */,
				4A3D99D2212629D000AC4DD4 /* AuthVC.swift in Sources */,
				4A6167CC2122711C00EC0D1B /* GroupsVC.swift in Sources */,
				4A3D99DA2126334C00AC4DD4 /* AuthService.swift in Sources */,
				4A3D99D421262A1F00AC4DD4 /* LoginVC.swift in Sources */,
				4A3D99D821262F7000AC4DD4 /* ShadowView.swift in Sources */,
				4A6167C82122711B00EC0D1B /* AppDelegate.swift in Sources */,
				4A6167CA2122711C00EC0D1B /* FeedVC.swift in Sources */,
				4A340CAC21234FCE004A07BF /* DataService.swift in Sources */,
			);
			runOnlyForDeploymentPostprocessing = 0;
		};
/* End PBXSourcesBuildPhase section */

/* Begin PBXVariantGroup section */
		4A6167CD2122711C00EC0D1B /* Main.storyboard */ = {
			isa = PBXVariantGroup;
			children = (
				4A6167CE2122711C00EC0D1B /* Base */,
			);
			name = Main.storyboard;
			sourceTree = "<group>";
		};
		4A6167D22122711D00EC0D1B /* LaunchScreen.storyboard */ = {
			isa = PBXVariantGroup;
			children = (
				4A6167D32122711D00EC0D1B /* Base */,
			);
			name = LaunchScreen.storyboard;
			sourceTree = "<group>";
		};
/* End PBXVariantGroup section */

/* Begin XCBuildConfiguration section */
		4A6167D62122711D00EC0D1B /* Debug */ = {
			isa = XCBuildConfiguration;
			buildSettings = {
				ALWAYS_SEARCH_USER_PATHS = NO;
				CLANG_ANALYZER_NONNULL = YES;
				CLANG_ANALYZER_NUMBER_OBJECT_CONVERSION = YES_AGGRESSIVE;
				CLANG_CXX_LANGUAGE_STANDARD = "gnu++14";
				CLANG_CXX_LIBRARY = "libc++";
				CLANG_ENABLE_MODULES = YES;
				CLANG_ENABLE_OBJC_ARC = YES;
				CLANG_ENABLE_OBJC_WEAK = YES;
				CLANG_WARN_BLOCK_CAPTURE_AUTORELEASING = YES;
				CLANG_WARN_BOOL_CONVERSION = YES;
				CLANG_WARN_COMMA = YES;
				CLANG_WARN_CONSTANT_CONVERSION = YES;
				CLANG_WARN_DEPRECATED_OBJC_IMPLEMENTATIONS = YES;
				CLANG_WARN_DIRECT_OBJC_ISA_USAGE = YES_ERROR;
				CLANG_WARN_DOCUMENTATION_COMMENTS = YES;
				CLANG_WARN_EMPTY_BODY = YES;
				CLANG_WARN_ENUM_CONVERSION = YES;
				CLANG_WARN_INFINITE_RECURSION = YES;
				CLANG_WARN_INT_CONVERSION = YES;
				CLANG_WARN_NON_LITERAL_NULL_CONVERSION = YES;
				CLANG_WARN_OBJC_IMPLICIT_RETAIN_SELF = YES;
				CLANG_WARN_OBJC_LITERAL_CONVERSION = YES;
				CLANG_WARN_OBJC_ROOT_CLASS = YES_ERROR;
				CLANG_WARN_RANGE_LOOP_ANALYSIS = YES;
				CLANG_WARN_STRICT_PROTOTYPES = YES;
				CLANG_WARN_SUSPICIOUS_MOVE = YES;
				CLANG_WARN_UNGUARDED_AVAILABILITY = YES_AGGRESSIVE;
				CLANG_WARN_UNREACHABLE_CODE = YES;
				CLANG_WARN__DUPLICATE_METHOD_MATCH = YES;
				CODE_SIGN_IDENTITY = "iPhone Developer";
				COPY_PHASE_STRIP = NO;
				DEBUG_INFORMATION_FORMAT = dwarf;
				ENABLE_STRICT_OBJC_MSGSEND = YES;
				ENABLE_TESTABILITY = YES;
				GCC_C_LANGUAGE_STANDARD = gnu11;
				GCC_DYNAMIC_NO_PIC = NO;
				GCC_NO_COMMON_BLOCKS = YES;
				GCC_OPTIMIZATION_LEVEL = 0;
				GCC_PREPROCESSOR_DEFINITIONS = (
					"DEBUG=1",
					"$(inherited)",
				);
				GCC_WARN_64_TO_32_BIT_CONVERSION = YES;
				GCC_WARN_ABOUT_RETURN_TYPE = YES_ERROR;
				GCC_WARN_UNDECLARED_SELECTOR = YES;
				GCC_WARN_UNINITIALIZED_AUTOS = YES_AGGRESSIVE;
				GCC_WARN_UNUSED_FUNCTION = YES;
				GCC_WARN_UNUSED_VARIABLE = YES;
				IPHONEOS_DEPLOYMENT_TARGET = 11.4;
				MTL_ENABLE_DEBUG_INFO = YES;
				ONLY_ACTIVE_ARCH = YES;
				SDKROOT = iphoneos;
				SWIFT_ACTIVE_COMPILATION_CONDITIONS = DEBUG;
				SWIFT_OPTIMIZATION_LEVEL = "-Onone";
			};
			name = Debug;
		};
		4A6167D72122711D00EC0D1B /* Release */ = {
			isa = XCBuildConfiguration;
			buildSettings = {
				ALWAYS_SEARCH_USER_PATHS = NO;
				CLANG_ANALYZER_NONNULL = YES;
				CLANG_ANALYZER_NUMBER_OBJECT_CONVERSION = YES_AGGRESSIVE;
				CLANG_CXX_LANGUAGE_STANDARD = "gnu++14";
				CLANG_CXX_LIBRARY = "libc++";
				CLANG_ENABLE_MODULES = YES;
				CLANG_ENABLE_OBJC_ARC = YES;
				CLANG_ENABLE_OBJC_WEAK = YES;
				CLANG_WARN_BLOCK_CAPTURE_AUTORELEASING = YES;
				CLANG_WARN_BOOL_CONVERSION = YES;
				CLANG_WARN_COMMA = YES;
				CLANG_WARN_CONSTANT_CONVERSION = YES;
				CLANG_WARN_DEPRECATED_OBJC_IMPLEMENTATIONS = YES;
				CLANG_WARN_DIRECT_OBJC_ISA_USAGE = YES_ERROR;
				CLANG_WARN_DOCUMENTATION_COMMENTS = YES;
				CLANG_WARN_EMPTY_BODY = YES;
				CLANG_WARN_ENUM_CONVERSION = YES;
				CLANG_WARN_INFINITE_RECURSION = YES;
				CLANG_WARN_INT_CONVERSION = YES;
				CLANG_WARN_NON_LITERAL_NULL_CONVERSION = YES;
				CLANG_WARN_OBJC_IMPLICIT_RETAIN_SELF = YES;
				CLANG_WARN_OBJC_LITERAL_CONVERSION = YES;
				CLANG_WARN_OBJC_ROOT_CLASS = YES_ERROR;
				CLANG_WARN_RANGE_LOOP_ANALYSIS = YES;
				CLANG_WARN_STRICT_PROTOTYPES = YES;
				CLANG_WARN_SUSPICIOUS_MOVE = YES;
				CLANG_WARN_UNGUARDED_AVAILABILITY = YES_AGGRESSIVE;
				CLANG_WARN_UNREACHABLE_CODE = YES;
				CLANG_WARN__DUPLICATE_METHOD_MATCH = YES;
				CODE_SIGN_IDENTITY = "iPhone Developer";
				COPY_PHASE_STRIP = NO;
				DEBUG_INFORMATION_FORMAT = "dwarf-with-dsym";
				ENABLE_NS_ASSERTIONS = NO;
				ENABLE_STRICT_OBJC_MSGSEND = YES;
				GCC_C_LANGUAGE_STANDARD = gnu11;
				GCC_NO_COMMON_BLOCKS = YES;
				GCC_WARN_64_TO_32_BIT_CONVERSION = YES;
				GCC_WARN_ABOUT_RETURN_TYPE = YES_ERROR;
				GCC_WARN_UNDECLARED_SELECTOR = YES;
				GCC_WARN_UNINITIALIZED_AUTOS = YES_AGGRESSIVE;
				GCC_WARN_UNUSED_FUNCTION = YES;
				GCC_WARN_UNUSED_VARIABLE = YES;
				IPHONEOS_DEPLOYMENT_TARGET = 11.4;
				MTL_ENABLE_DEBUG_INFO = NO;
				SDKROOT = iphoneos;
				SWIFT_COMPILATION_MODE = wholemodule;
				SWIFT_OPTIMIZATION_LEVEL = "-O";
				VALIDATE_PRODUCT = YES;
			};
			name = Release;
		};
		4A6167D92122711D00EC0D1B /* Debug */ = {
			isa = XCBuildConfiguration;
			baseConfigurationReference = B0822644D96B2D399D2291E2 /* Pods-breakPoint.debug.xcconfig */;
			buildSettings = {
				ASSETCATALOG_COMPILER_APPICON_NAME = AppIcon;
				CODE_SIGN_STYLE = Automatic;
				DEVELOPMENT_TEAM = 979WE2JCPD;
				INFOPLIST_FILE = breakPoint/Info.plist;
				LD_RUNPATH_SEARCH_PATHS = (
					"$(inherited)",
					"@executable_path/Frameworks",
				);
				PRODUCT_BUNDLE_IDENTIFIER = com.stephenreyes.breakPoint;
				PRODUCT_NAME = "$(TARGET_NAME)";
				SWIFT_VERSION = 4.0;
				TARGETED_DEVICE_FAMILY = "1,2";
			};
			name = Debug;
		};
		4A6167DA2122711D00EC0D1B /* Release */ = {
			isa = XCBuildConfiguration;
			baseConfigurationReference = 8105E4C0E179435FE1EA238D /* Pods-breakPoint.release.xcconfig */;
			buildSettings = {
				ASSETCATALOG_COMPILER_APPICON_NAME = AppIcon;
				CODE_SIGN_STYLE = Automatic;
				DEVELOPMENT_TEAM = 979WE2JCPD;
				INFOPLIST_FILE = breakPoint/Info.plist;
				LD_RUNPATH_SEARCH_PATHS = (
					"$(inherited)",
					"@executable_path/Frameworks",
				);
				PRODUCT_BUNDLE_IDENTIFIER = com.stephenreyes.breakPoint;
				PRODUCT_NAME = "$(TARGET_NAME)";
				SWIFT_VERSION = 4.0;
				TARGETED_DEVICE_FAMILY = "1,2";
			};
			name = Release;
		};
/* End XCBuildConfiguration section */

/* Begin XCConfigurationList section */
		4A6167BF2122711B00EC0D1B /* Build configuration list for PBXProject "breakPoint" */ = {
			isa = XCConfigurationList;
			buildConfigurations = (
				4A6167D62122711D00EC0D1B /* Debug */,
				4A6167D72122711D00EC0D1B /* Release */,
			);
			defaultConfigurationIsVisible = 0;
			defaultConfigurationName = Release;
		};
		4A6167D82122711D00EC0D1B /* Build configuration list for PBXNativeTarget "breakPoint" */ = {
			isa = XCConfigurationList;
			buildConfigurations = (
				4A6167D92122711D00EC0D1B /* Debug */,
				4A6167DA2122711D00EC0D1B /* Release */,
			);
			defaultConfigurationIsVisible = 0;
			defaultConfigurationName = Release;
		};
/* End XCConfigurationList section */
	};
	rootObject = 4A6167BC2122711B00EC0D1B /* Project object */;
}
